
Microsoft Visual Studio Solution File, Format Version 12.00
# Visual Studio 2017
Project("{FAE04EC0-301F-11D3-BF4B-00C04F79EFBC}") = "CellVelution", "CellVelution.csproj", "{1ADE89A5-C095-CDEE-1BA2-39D30324C552}"
EndProject
Project("{FAE04EC0-301F-11D3-BF4B-00C04F79EFBC}") = "CellVelution.Editor", "CellVelution.Editor.csproj", "{9B221D1D-7AB5-9582-5E33-DF20A33F5D2D}"
EndProject
Global
	GlobalSection(SolutionConfigurationPlatforms) = preSolution
		Debug|Any CPU = Debug|Any CPU
		Release|Any CPU = Release|Any CPU
	EndGlobalSection
	GlobalSection(ProjectConfigurationPlatforms) = postSolution
		{1ADE89A5-C095-CDEE-1BA2-39D30324C552}.Debug|Any CPU.ActiveCfg = Debug|Any CPU
		{1ADE89A5-C095-CDEE-1BA2-39D30324C552}.Debug|Any CPU.Build.0 = Debug|Any CPU
		{1ADE89A5-C095-CDEE-1BA2-39D30324C552}.Release|Any CPU.ActiveCfg = Release|Any CPU
		{1ADE89A5-C095-CDEE-1BA2-39D30324C552}.Release|Any CPU.Build.0 = Release|Any CPU
		{9B221D1D-7AB5-9582-5E33-DF20A33F5D2D}.Debug|Any CPU.ActiveCfg = Debug|Any CPU
		{9B221D1D-7AB5-9582-5E33-DF20A33F5D2D}.Debug|Any CPU.Build.0 = Debug|Any CPU
		{9B221D1D-7AB5-9582-5E33-DF20A33F5D2D}.Release|Any CPU.ActiveCfg = Release|Any CPU
		{9B221D1D-7AB5-9582-5E33-DF20A33F5D2D}.Release|Any CPU.Build.0 = Release|Any CPU
	EndGlobalSection
	GlobalSection(SolutionProperties) = preSolution
		HideSolutionNode = FALSE
	EndGlobalSection
EndGlobal
