
Microsoft Visual Studio Solution File, Format Version 12.00
# Visual Studio 2017
Project("{FAE04EC0-301F-11D3-BF4B-00C04F79EFBC}") = "NEAT", "NEAT.csproj", "{D549B074-3432-BC25-1B5C-534A84CA0D12}"
EndProject
Project("{FAE04EC0-301F-11D3-BF4B-00C04F79EFBC}") = "NEAT.Editor", "NEAT.Editor.csproj", "{2FA57FB4-C31D-748C-7416-87BF64C596D2}"
EndProject
Global
	GlobalSection(SolutionConfigurationPlatforms) = preSolution
		Debug|Any CPU = Debug|Any CPU
		Release|Any CPU = Release|Any CPU
	EndGlobalSection
	GlobalSection(ProjectConfigurationPlatforms) = postSolution
		{D549B074-3432-BC25-1B5C-534A84CA0D12}.Debug|Any CPU.ActiveCfg = Debug|Any CPU
		{D549B074-3432-BC25-1B5C-534A84CA0D12}.Debug|Any CPU.Build.0 = Debug|Any CPU
		{D549B074-3432-BC25-1B5C-534A84CA0D12}.Release|Any CPU.ActiveCfg = Release|Any CPU
		{D549B074-3432-BC25-1B5C-534A84CA0D12}.Release|Any CPU.Build.0 = Release|Any CPU
		{2FA57FB4-C31D-748C-7416-87BF64C596D2}.Debug|Any CPU.ActiveCfg = Debug|Any CPU
		{2FA57FB4-C31D-748C-7416-87BF64C596D2}.Debug|Any CPU.Build.0 = Debug|Any CPU
		{2FA57FB4-C31D-748C-7416-87BF64C596D2}.Release|Any CPU.ActiveCfg = Release|Any CPU
		{2FA57FB4-C31D-748C-7416-87BF64C596D2}.Release|Any CPU.Build.0 = Release|Any CPU
	EndGlobalSection
	GlobalSection(SolutionProperties) = preSolution
		HideSolutionNode = FALSE
	EndGlobalSection
EndGlobal
